{
  "version": 4,
  "terraform_version": "0.15.0",
  "serial": 7,
  "lineage": "9e29221b-3269-baab-d3d6-5937664f5e2f",
  "outputs": {},
  "resources": [
    {
      "mode": "managed",
      "type": "aws_vpc",
      "name": "main",
      "provider": "provider[\"registry.terraform.io/hashicorp/aws\"]",
      "instances": [
        {
          "schema_version": 1,
          "attributes": {
            "arn": "arn:aws:ec2:us-west-2:733251271672:vpc/vpc-0e83b44629fae84e7",
            "assign_generated_ipv6_cidr_block": false,
            "cidr_block": "10.0.0.0/16",
            "default_network_acl_id": "acl-0ba217c617947ddd9",
            "default_route_table_id": "rtb-0a1660670c1f27824",
            "default_security_group_id": "sg-0073a1d1ac42b9d7f",
            "dhcp_options_id": "dopt-aa1630d2",
            "enable_classiclink": false,
            "enable_classiclink_dns_support": false,
            "enable_dns_hostnames": false,
            "enable_dns_support": true,
            "id": "vpc-0e83b44629fae84e7",
            "instance_tenancy": "default",
            "ipv6_association_id": "",
            "ipv6_cidr_block": "",
            "main_route_table_id": "rtb-0a1660670c1f27824",
            "owner_id": "733251271672",
            "tags": {
              "Name": "main"
            },
            "tags_all": {
              "Name": "main"
            }
          },
          "sensitive_attributes": [],
          "private": "eyJzY2hlbWFfdmVyc2lvbiI6IjEifQ=="
        }
      ]
    }
  ]
}
